
Microsoft Visual Studio Solution File, Format Version 12.00
# Visual Studio Version 17
VisualStudioVersion = 17.9.34607.119
MinimumVisualStudioVersion = 10.0.40219.1
Project("{FAE04EC0-301F-11D3-BF4B-00C04F79EFBC}") = "sondenemeGoruntu", "sondenemeGoruntu\sondenemeGoruntu.csproj", "{3759778D-7E8D-4609-BBFE-647C1CE00E45}"
EndProject
Global
	GlobalSection(SolutionConfigurationPlatforms) = preSolution
		Debug|Any CPU = Debug|Any CPU
		Release|Any CPU = Release|Any CPU
	EndGlobalSection
	GlobalSection(ProjectConfigurationPlatforms) = postSolution
		{3759778D-7E8D-4609-BBFE-647C1CE00E45}.Debug|Any CPU.ActiveCfg = Debug|Any CPU
		{3759778D-7E8D-4609-BBFE-647C1CE00E45}.Debug|Any CPU.Build.0 = Debug|Any CPU
		{3759778D-7E8D-4609-BBFE-647C1CE00E45}.Release|Any CPU.ActiveCfg = Release|Any CPU
		{3759778D-7E8D-4609-BBFE-647C1CE00E45}.Release|Any CPU.Build.0 = Release|Any CPU
	EndGlobalSection
	GlobalSection(SolutionProperties) = preSolution
		HideSolutionNode = FALSE
	EndGlobalSection
	GlobalSection(ExtensibilityGlobals) = postSolution
		SolutionGuid = {A4950ED9-2E4E-40BA-825B-53C7E260E3A6}
	EndGlobalSection
EndGlobal
